// !$*UTF8*$!
{
	archiveVersion = 1;
	classes = {
	};
	objectVersion = 50;
	objects = {

/* Begin PBXBuildFile section */
		9C64C45722147A99007227F9 /* loadlib.c in Sources */ = {isa = PBXBuildFile; fileRef = 9C64C41922147A94007227F9 /* loadlib.c */; };
		9C64C45822147A99007227F9 /* lbitlib.c in Sources */ = {isa = PBXBuildFile; fileRef = 9C64C41A22147A94007227F9 /* lbitlib.c */; };
		9C64C45922147A99007227F9 /* loslib.c in Sources */ = {isa = PBXBuildFile; fileRef = 9C64C41C22147A94007227F9 /* loslib.c */; };
		9C64C45A22147A99007227F9 /* lopcodes.c in Sources */ = {isa = PBXBuildFile; fileRef = 9C64C41E22147A95007227F9 /* lopcodes.c */; };
		9C64C45B22147A99007227F9 /* linit.c in Sources */ = {isa = PBXBuildFile; fileRef = 9C64C42022147A95007227F9 /* linit.c */; };
		9C64C45C22147A99007227F9 /* lbaselib.c in Sources */ = {isa = PBXBuildFile; fileRef = 9C64C42122147A95007227F9 /* lbaselib.c */; };
		9C64C45D22147A99007227F9 /* lauxlib.c in Sources */ = {isa = PBXBuildFile; fileRef = 9C64C42222147A95007227F9 /* lauxlib.c */; };
		9C64C45E22147A99007227F9 /* lctype.c in Sources */ = {isa = PBXBuildFile; fileRef = 9C64C42722147A95007227F9 /* lctype.c */; };
		9C64C45F22147A99007227F9 /* lfunc.c in Sources */ = {isa = PBXBuildFile; fileRef = 9C64C42822147A95007227F9 /* lfunc.c */; };
		9C64C46022147A99007227F9 /* lmem.c in Sources */ = {isa = PBXBuildFile; fileRef = 9C64C42A22147A95007227F9 /* lmem.c */; };
		9C64C46122147A99007227F9 /* lobject.c in Sources */ = {isa = PBXBuildFile; fileRef = 9C64C42B22147A95007227F9 /* lobject.c */; };
		9C64C46222147A99007227F9 /* lgc.c in Sources */ = {isa = PBXBuildFile; fileRef = 9C64C42C22147A95007227F9 /* lgc.c */; };
		9C64C46322147A99007227F9 /* lparser.c in Sources */ = {isa = PBXBuildFile; fileRef = 9C64C42D22147A95007227F9 /* lparser.c */; };
		9C64C46422147A99007227F9 /* Makefile in Sources */ = {isa = PBXBuildFile; fileRef = 9C64C42E22147A95007227F9 /* Makefile */; };
		9C64C46522147A99007227F9 /* lstrlib.c in Sources */ = {isa = PBXBuildFile; fileRef = 9C64C43022147A96007227F9 /* lstrlib.c */; };
		9C64C46622147A99007227F9 /* lua.c in Sources */ = {isa = PBXBuildFile; fileRef = 9C64C43122147A96007227F9 /* lua.c */; };
		9C64C46722147A99007227F9 /* ltablib.c in Sources */ = {isa = PBXBuildFile; fileRef = 9C64C43322147A96007227F9 /* ltablib.c */; };
		9C64C46822147A99007227F9 /* ldump.c in Sources */ = {isa = PBXBuildFile; fileRef = 9C64C43422147A96007227F9 /* ldump.c */; };
		9C64C46922147A99007227F9 /* lapi.c in Sources */ = {isa = PBXBuildFile; fileRef = 9C64C43622147A96007227F9 /* lapi.c */; };
		9C64C46A22147A99007227F9 /* llex.c in Sources */ = {isa = PBXBuildFile; fileRef = 9C64C43722147A96007227F9 /* llex.c */; };
		9C64C46B22147A99007227F9 /* lstring.c in Sources */ = {isa = PBXBuildFile; fileRef = 9C64C43A22147A96007227F9 /* lstring.c */; };
		9C64C46C22147A99007227F9 /* lvm.c in Sources */ = {isa = PBXBuildFile; fileRef = 9C64C43B22147A97007227F9 /* lvm.c */; };
		9C64C46D22147A99007227F9 /* ldblib.c in Sources */ = {isa = PBXBuildFile; fileRef = 9C64C43F22147A97007227F9 /* ldblib.c */; };
		9C64C46F22147A99007227F9 /* lutf8lib.c in Sources */ = {isa = PBXBuildFile; fileRef = 9C64C44222147A97007227F9 /* lutf8lib.c */; };
		9C64C47022147A99007227F9 /* ldebug.c in Sources */ = {isa = PBXBuildFile; fileRef = 9C64C44522147A97007227F9 /* ldebug.c */; };
		9C64C47122147A99007227F9 /* lundump.c in Sources */ = {isa = PBXBuildFile; fileRef = 9C64C44622147A97007227F9 /* lundump.c */; };
		9C64C47222147A99007227F9 /* lzio.c in Sources */ = {isa = PBXBuildFile; fileRef = 9C64C44822147A98007227F9 /* lzio.c */; };
		9C64C47322147A99007227F9 /* ltable.c in Sources */ = {isa = PBXBuildFile; fileRef = 9C64C44922147A98007227F9 /* ltable.c */; };
		9C64C47422147A99007227F9 /* lcode.c in Sources */ = {isa = PBXBuildFile; fileRef = 9C64C44D22147A98007227F9 /* lcode.c */; };
		9C64C47522147A99007227F9 /* lmathlib.c in Sources */ = {isa = PBXBuildFile; fileRef = 9C64C44E22147A98007227F9 /* lmathlib.c */; };
		9C64C47622147A99007227F9 /* ltm.c in Sources */ = {isa = PBXBuildFile; fileRef = 9C64C44F22147A98007227F9 /* ltm.c */; };
		9C64C47722147A99007227F9 /* liolib.c in Sources */ = {isa = PBXBuildFile; fileRef = 9C64C45022147A98007227F9 /* liolib.c */; };
		9C64C47822147A99007227F9 /* lstate.c in Sources */ = {isa = PBXBuildFile; fileRef = 9C64C45122147A99007227F9 /* lstate.c */; };
		9C64C47922147A99007227F9 /* lcorolib.c in Sources */ = {isa = PBXBuildFile; fileRef = 9C64C45322147A99007227F9 /* lcorolib.c */; };
		9C64C47A22147A99007227F9 /* ldo.c in Sources */ = {isa = PBXBuildFile; fileRef = 9C64C45522147A99007227F9 /* ldo.c */; };
/* End PBXBuildFile section */

/* Begin PBXCopyFilesBuildPhase section */
		9C64C40D22147A65007227F9 /* CopyFiles */ = {
			isa = PBXCopyFilesBuildPhase;
			buildActionMask = 2147483647;
			dstPath = /usr/share/man/man1/;
			dstSubfolderSpec = 0;
			files = (
			);
			runOnlyForDeploymentPostprocessing = 1;
		};
/* End PBXCopyFilesBuildPhase section */

/* Begin PBXFileReference section */
		9C64C40F22147A65007227F9 /* lua_compile_iOS */ = {isa = PBXFileReference; explicitFileType = "compiled.mach-o.executable"; includeInIndex = 0; path = lua_compile_iOS; sourceTree = BUILT_PRODUCTS_DIR; };
		9C64C41922147A94007227F9 /* loadlib.c */ = {isa = PBXFileReference; fileEncoding = 4; lastKnownFileType = sourcecode.c.c; name = loadlib.c; path = ../../lua_compile/src/loadlib.c; sourceTree = "<group>"; };
		9C64C41A22147A94007227F9 /* lbitlib.c */ = {isa = PBXFileReference; fileEncoding = 4; lastKnownFileType = sourcecode.c.c; name = lbitlib.c; path = ../../lua_compile/src/lbitlib.c; sourceTree = "<group>"; };
		9C64C41B22147A94007227F9 /* lprefix.h */ = {isa = PBXFileReference; fileEncoding = 4; lastKnownFileType = sourcecode.c.h; name = lprefix.h; path = ../../lua_compile/src/lprefix.h; sourceTree = "<group>"; };
		9C64C41C22147A94007227F9 /* loslib.c */ = {isa = PBXFileReference; fileEncoding = 4; lastKnownFileType = sourcecode.c.c; name = loslib.c; path = ../../lua_compile/src/loslib.c; sourceTree = "<group>"; };
		9C64C41D22147A95007227F9 /* llimits.h */ = {isa = PBXFileReference; fileEncoding = 4; lastKnownFileType = sourcecode.c.h; name = llimits.h; path = ../../lua_compile/src/llimits.h; sourceTree = "<group>"; };
		9C64C41E22147A95007227F9 /* lopcodes.c */ = {isa = PBXFileReference; fileEncoding = 4; lastKnownFileType = sourcecode.c.c; name = lopcodes.c; path = ../../lua_compile/src/lopcodes.c; sourceTree = "<group>"; };
		9C64C41F22147A95007227F9 /* lmem.h */ = {isa = PBXFileReference; fileEncoding = 4; lastKnownFileType = sourcecode.c.h; name = lmem.h; path = ../../lua_compile/src/lmem.h; sourceTree = "<group>"; };
		9C64C42022147A95007227F9 /* linit.c */ = {isa = PBXFileReference; fileEncoding = 4; lastKnownFileType = sourcecode.c.c; name = linit.c; path = ../../lua_compile/src/linit.c; sourceTree = "<group>"; };
		9C64C42122147A95007227F9 /* lbaselib.c */ = {isa = PBXFileReference; fileEncoding = 4; lastKnownFileType = sourcecode.c.c; name = lbaselib.c; path = ../../lua_compile/src/lbaselib.c; sourceTree = "<group>"; };
		9C64C42222147A95007227F9 /* lauxlib.c */ = {isa = PBXFileReference; fileEncoding = 4; lastKnownFileType = sourcecode.c.c; name = lauxlib.c; path = ../../lua_compile/src/lauxlib.c; sourceTree = "<group>"; };
		9C64C42322147A95007227F9 /* lgc.h */ = {isa = PBXFileReference; fileEncoding = 4; lastKnownFileType = sourcecode.c.h; name = lgc.h; path = ../../lua_compile/src/lgc.h; sourceTree = "<group>"; };
		9C64C42422147A95007227F9 /* lstring.h */ = {isa = PBXFileReference; fileEncoding = 4; lastKnownFileType = sourcecode.c.h; name = lstring.h; path = ../../lua_compile/src/lstring.h; sourceTree = "<group>"; };
		9C64C42522147A95007227F9 /* lua.h */ = {isa = PBXFileReference; fileEncoding = 4; lastKnownFileType = sourcecode.c.h; name = lua.h; path = ../../lua_compile/src/lua.h; sourceTree = "<group>"; };
		9C64C42622147A95007227F9 /* lzio.h */ = {isa = PBXFileReference; fileEncoding = 4; lastKnownFileType = sourcecode.c.h; name = lzio.h; path = ../../lua_compile/src/lzio.h; sourceTree = "<group>"; };
		9C64C42722147A95007227F9 /* lctype.c */ = {isa = PBXFileReference; fileEncoding = 4; lastKnownFileType = sourcecode.c.c; name = lctype.c; path = ../../lua_compile/src/lctype.c; sourceTree = "<group>"; };
		9C64C42822147A95007227F9 /* lfunc.c */ = {isa = PBXFileReference; fileEncoding = 4; lastKnownFileType = sourcecode.c.c; name = lfunc.c; path = ../../lua_compile/src/lfunc.c; sourceTree = "<group>"; };
		9C64C42922147A95007227F9 /* ldebug.h */ = {isa = PBXFileReference; fileEncoding = 4; lastKnownFileType = sourcecode.c.h; name = ldebug.h; path = ../../lua_compile/src/ldebug.h; sourceTree = "<group>"; };
		9C64C42A22147A95007227F9 /* lmem.c */ = {isa = PBXFileReference; fileEncoding = 4; lastKnownFileType = sourcecode.c.c; name = lmem.c; path = ../../lua_compile/src/lmem.c; sourceTree = "<group>"; };
		9C64C42B22147A95007227F9 /* lobject.c */ = {isa = PBXFileReference; fileEncoding = 4; lastKnownFileType = sourcecode.c.c; name = lobject.c; path = ../../lua_compile/src/lobject.c; sourceTree = "<group>"; };
		9C64C42C22147A95007227F9 /* lgc.c */ = {isa = PBXFileReference; fileEncoding = 4; lastKnownFileType = sourcecode.c.c; name = lgc.c; path = ../../lua_compile/src/lgc.c; sourceTree = "<group>"; };
		9C64C42D22147A95007227F9 /* lparser.c */ = {isa = PBXFileReference; fileEncoding = 4; lastKnownFileType = sourcecode.c.c; name = lparser.c; path = ../../lua_compile/src/lparser.c; sourceTree = "<group>"; };
		9C64C42E22147A95007227F9 /* Makefile */ = {isa = PBXFileReference; fileEncoding = 4; lastKnownFileType = sourcecode.make; name = Makefile; path = ../../lua_compile/src/Makefile; sourceTree = "<group>"; };
		9C64C42F22147A95007227F9 /* lstate.h */ = {isa = PBXFileReference; fileEncoding = 4; lastKnownFileType = sourcecode.c.h; name = lstate.h; path = ../../lua_compile/src/lstate.h; sourceTree = "<group>"; };
		9C64C43022147A96007227F9 /* lstrlib.c */ = {isa = PBXFileReference; fileEncoding = 4; lastKnownFileType = sourcecode.c.c; name = lstrlib.c; path = ../../lua_compile/src/lstrlib.c; sourceTree = "<group>"; };
		9C64C43122147A96007227F9 /* lua.c */ = {isa = PBXFileReference; fileEncoding = 4; lastKnownFileType = sourcecode.c.c; name = lua.c; path = ../../lua_compile/src/lua.c; sourceTree = "<group>"; };
		9C64C43222147A96007227F9 /* lctype.h */ = {isa = PBXFileReference; fileEncoding = 4; lastKnownFileType = sourcecode.c.h; name = lctype.h; path = ../../lua_compile/src/lctype.h; sourceTree = "<group>"; };
		9C64C43322147A96007227F9 /* ltablib.c */ = {isa = PBXFileReference; fileEncoding = 4; lastKnownFileType = sourcecode.c.c; name = ltablib.c; path = ../../lua_compile/src/ltablib.c; sourceTree = "<group>"; };
		9C64C43422147A96007227F9 /* ldump.c */ = {isa = PBXFileReference; fileEncoding = 4; lastKnownFileType = sourcecode.c.c; name = ldump.c; path = ../../lua_compile/src/ldump.c; sourceTree = "<group>"; };
		9C64C43522147A96007227F9 /* lvm.h */ = {isa = PBXFileReference; fileEncoding = 4; lastKnownFileType = sourcecode.c.h; name = lvm.h; path = ../../lua_compile/src/lvm.h; sourceTree = "<group>"; };
		9C64C43622147A96007227F9 /* lapi.c */ = {isa = PBXFileReference; fileEncoding = 4; lastKnownFileType = sourcecode.c.c; name = lapi.c; path = ../../lua_compile/src/lapi.c; sourceTree = "<group>"; };
		9C64C43722147A96007227F9 /* llex.c */ = {isa = PBXFileReference; fileEncoding = 4; lastKnownFileType = sourcecode.c.c; name = llex.c; path = ../../lua_compile/src/llex.c; sourceTree = "<group>"; };
		9C64C43822147A96007227F9 /* ltm.h */ = {isa = PBXFileReference; fileEncoding = 4; lastKnownFileType = sourcecode.c.h; name = ltm.h; path = ../../lua_compile/src/ltm.h; sourceTree = "<group>"; };
		9C64C43922147A96007227F9 /* lfunc.h */ = {isa = PBXFileReference; fileEncoding = 4; lastKnownFileType = sourcecode.c.h; name = lfunc.h; path = ../../lua_compile/src/lfunc.h; sourceTree = "<group>"; };
		9C64C43A22147A96007227F9 /* lstring.c */ = {isa = PBXFileReference; fileEncoding = 4; lastKnownFileType = sourcecode.c.c; name = lstring.c; path = ../../lua_compile/src/lstring.c; sourceTree = "<group>"; };
		9C64C43B22147A97007227F9 /* lvm.c */ = {isa = PBXFileReference; fileEncoding = 4; lastKnownFileType = sourcecode.c.c; name = lvm.c; path = ../../lua_compile/src/lvm.c; sourceTree = "<group>"; };
		9C64C43C22147A97007227F9 /* lauxlib.h */ = {isa = PBXFileReference; fileEncoding = 4; lastKnownFileType = sourcecode.c.h; name = lauxlib.h; path = ../../lua_compile/src/lauxlib.h; sourceTree = "<group>"; };
		9C64C43D22147A97007227F9 /* ltable.h */ = {isa = PBXFileReference; fileEncoding = 4; lastKnownFileType = sourcecode.c.h; name = ltable.h; path = ../../lua_compile/src/ltable.h; sourceTree = "<group>"; };
		9C64C43E22147A97007227F9 /* lcode.h */ = {isa = PBXFileReference; fileEncoding = 4; lastKnownFileType = sourcecode.c.h; name = lcode.h; path = ../../lua_compile/src/lcode.h; sourceTree = "<group>"; };
		9C64C43F22147A97007227F9 /* ldblib.c */ = {isa = PBXFileReference; fileEncoding = 4; lastKnownFileType = sourcecode.c.c; name = ldblib.c; path = ../../lua_compile/src/ldblib.c; sourceTree = "<group>"; };
		9C64C44022147A97007227F9 /* lopcodes.h */ = {isa = PBXFileReference; fileEncoding = 4; lastKnownFileType = sourcecode.c.h; name = lopcodes.h; path = ../../lua_compile/src/lopcodes.h; sourceTree = "<group>"; };
		9C64C44222147A97007227F9 /* lutf8lib.c */ = {isa = PBXFileReference; fileEncoding = 4; lastKnownFileType = sourcecode.c.c; name = lutf8lib.c; path = ../../lua_compile/src/lutf8lib.c; sourceTree = "<group>"; };
		9C64C44322147A97007227F9 /* lundump.h */ = {isa = PBXFileReference; fileEncoding = 4; lastKnownFileType = sourcecode.c.h; name = lundump.h; path = ../../lua_compile/src/lundump.h; sourceTree = "<group>"; };
		9C64C44422147A97007227F9 /* lua.hpp */ = {isa = PBXFileReference; fileEncoding = 4; lastKnownFileType = sourcecode.cpp.h; name = lua.hpp; path = ../../lua_compile/src/lua.hpp; sourceTree = "<group>"; };
		9C64C44522147A97007227F9 /* ldebug.c */ = {isa = PBXFileReference; fileEncoding = 4; lastKnownFileType = sourcecode.c.c; name = ldebug.c; path = ../../lua_compile/src/ldebug.c; sourceTree = "<group>"; };
		9C64C44622147A97007227F9 /* lundump.c */ = {isa = PBXFileReference; fileEncoding = 4; lastKnownFileType = sourcecode.c.c; name = lundump.c; path = ../../lua_compile/src/lundump.c; sourceTree = "<group>"; };
		9C64C44722147A98007227F9 /* lparser.h */ = {isa = PBXFileReference; fileEncoding = 4; lastKnownFileType = sourcecode.c.h; name = lparser.h; path = ../../lua_compile/src/lparser.h; sourceTree = "<group>"; };
		9C64C44822147A98007227F9 /* lzio.c */ = {isa = PBXFileReference; fileEncoding = 4; lastKnownFileType = sourcecode.c.c; name = lzio.c; path = ../../lua_compile/src/lzio.c; sourceTree = "<group>"; };
		9C64C44922147A98007227F9 /* ltable.c */ = {isa = PBXFileReference; fileEncoding = 4; lastKnownFileType = sourcecode.c.c; name = ltable.c; path = ../../lua_compile/src/ltable.c; sourceTree = "<group>"; };
		9C64C44A22147A98007227F9 /* lobject.h */ = {isa = PBXFileReference; fileEncoding = 4; lastKnownFileType = sourcecode.c.h; name = lobject.h; path = ../../lua_compile/src/lobject.h; sourceTree = "<group>"; };
		9C64C44B22147A98007227F9 /* ldo.h */ = {isa = PBXFileReference; fileEncoding = 4; lastKnownFileType = sourcecode.c.h; name = ldo.h; path = ../../lua_compile/src/ldo.h; sourceTree = "<group>"; };
		9C64C44C22147A98007227F9 /* lapi.h */ = {isa = PBXFileReference; fileEncoding = 4; lastKnownFileType = sourcecode.c.h; name = lapi.h; path = ../../lua_compile/src/lapi.h; sourceTree = "<group>"; };
		9C64C44D22147A98007227F9 /* lcode.c */ = {isa = PBXFileReference; fileEncoding = 4; lastKnownFileType = sourcecode.c.c; name = lcode.c; path = ../../lua_compile/src/lcode.c; sourceTree = "<group>"; };
		9C64C44E22147A98007227F9 /* lmathlib.c */ = {isa = PBXFileReference; fileEncoding = 4; lastKnownFileType = sourcecode.c.c; name = lmathlib.c; path = ../../lua_compile/src/lmathlib.c; sourceTree = "<group>"; };
		9C64C44F22147A98007227F9 /* ltm.c */ = {isa = PBXFileReference; fileEncoding = 4; lastKnownFileType = sourcecode.c.c; name = ltm.c; path = ../../lua_compile/src/ltm.c; sourceTree = "<group>"; };
		9C64C45022147A98007227F9 /* liolib.c */ = {isa = PBXFileReference; fileEncoding = 4; lastKnownFileType = sourcecode.c.c; name = liolib.c; path = ../../lua_compile/src/liolib.c; sourceTree = "<group>"; };
		9C64C45122147A99007227F9 /* lstate.c */ = {isa = PBXFileReference; fileEncoding = 4; lastKnownFileType = sourcecode.c.c; name = lstate.c; path = ../../lua_compile/src/lstate.c; sourceTree = "<group>"; };
		9C64C45222147A99007227F9 /* luaconf.h */ = {isa = PBXFileReference; fileEncoding = 4; lastKnownFileType = sourcecode.c.h; name = luaconf.h; path = ../../lua_compile/src/luaconf.h; sourceTree = "<group>"; };
		9C64C45322147A99007227F9 /* lcorolib.c */ = {isa = PBXFileReference; fileEncoding = 4; lastKnownFileType = sourcecode.c.c; name = lcorolib.c; path = ../../lua_compile/src/lcorolib.c; sourceTree = "<group>"; };
		9C64C45422147A99007227F9 /* lualib.h */ = {isa = PBXFileReference; fileEncoding = 4; lastKnownFileType = sourcecode.c.h; name = lualib.h; path = ../../lua_compile/src/lualib.h; sourceTree = "<group>"; };
		9C64C45522147A99007227F9 /* ldo.c */ = {isa = PBXFileReference; fileEncoding = 4; lastKnownFileType = sourcecode.c.c; name = ldo.c; path = ../../lua_compile/src/ldo.c; sourceTree = "<group>"; };
		9C64C45622147A99007227F9 /* llex.h */ = {isa = PBXFileReference; fileEncoding = 4; lastKnownFileType = sourcecode.c.h; name = llex.h; path = ../../lua_compile/src/llex.h; sourceTree = "<group>"; };
/* End PBXFileReference section */

/* Begin PBXFrameworksBuildPhase section */
		9C64C40C22147A65007227F9 /* Frameworks */ = {
			isa = PBXFrameworksBuildPhase;
			buildActionMask = 2147483647;
			files = (
			);
			runOnlyForDeploymentPostprocessing = 0;
		};
/* End PBXFrameworksBuildPhase section */

/* Begin PBXGroup section */
		9C64C40622147A65007227F9 = {
			isa = PBXGroup;
			children = (
				9C64C41122147A65007227F9 /* lua_compile_iOS */,
				9C64C41022147A65007227F9 /* Products */,
			);
			sourceTree = "<group>";
		};
		9C64C41022147A65007227F9 /* Products */ = {
			isa = PBXGroup;
			children = (
				9C64C40F22147A65007227F9 /* lua_compile_iOS */,
			);
			name = Products;
			sourceTree = "<group>";
		};
		9C64C41122147A65007227F9 /* lua_compile_iOS */ = {
			isa = PBXGroup;
			children = (
				9C64C43622147A96007227F9 /* lapi.c */,
				9C64C44C22147A98007227F9 /* lapi.h */,
				9C64C42222147A95007227F9 /* lauxlib.c */,
				9C64C43C22147A97007227F9 /* lauxlib.h */,
				9C64C42122147A95007227F9 /* lbaselib.c */,
				9C64C41A22147A94007227F9 /* lbitlib.c */,
				9C64C44D22147A98007227F9 /* lcode.c */,
				9C64C43E22147A97007227F9 /* lcode.h */,
				9C64C45322147A99007227F9 /* lcorolib.c */,
				9C64C42722147A95007227F9 /* lctype.c */,
				9C64C43222147A96007227F9 /* lctype.h */,
				9C64C43F22147A97007227F9 /* ldblib.c */,
				9C64C44522147A97007227F9 /* ldebug.c */,
				9C64C42922147A95007227F9 /* ldebug.h */,
				9C64C45522147A99007227F9 /* ldo.c */,
				9C64C44B22147A98007227F9 /* ldo.h */,
				9C64C43422147A96007227F9 /* ldump.c */,
				9C64C42822147A95007227F9 /* lfunc.c */,
				9C64C43922147A96007227F9 /* lfunc.h */,
				9C64C42C22147A95007227F9 /* lgc.c */,
				9C64C42322147A95007227F9 /* lgc.h */,
				9C64C42022147A95007227F9 /* linit.c */,
				9C64C45022147A98007227F9 /* liolib.c */,
				9C64C43722147A96007227F9 /* llex.c */,
				9C64C45622147A99007227F9 /* llex.h */,
				9C64C41D22147A95007227F9 /* llimits.h */,
				9C64C44E22147A98007227F9 /* lmathlib.c */,
				9C64C42A22147A95007227F9 /* lmem.c */,
				9C64C41F22147A95007227F9 /* lmem.h */,
				9C64C41922147A94007227F9 /* loadlib.c */,
				9C64C42B22147A95007227F9 /* lobject.c */,
				9C64C44A22147A98007227F9 /* lobject.h */,
				9C64C41E22147A95007227F9 /* lopcodes.c */,
				9C64C44022147A97007227F9 /* lopcodes.h */,
				9C64C41C22147A94007227F9 /* loslib.c */,
				9C64C42D22147A95007227F9 /* lparser.c */,
				9C64C44722147A98007227F9 /* lparser.h */,
				9C64C41B22147A94007227F9 /* lprefix.h */,
				9C64C45122147A99007227F9 /* lstate.c */,
				9C64C42F22147A95007227F9 /* lstate.h */,
				9C64C43A22147A96007227F9 /* lstring.c */,
				9C64C42422147A95007227F9 /* lstring.h */,
				9C64C43022147A96007227F9 /* lstrlib.c */,
				9C64C44922147A98007227F9 /* ltable.c */,
				9C64C43D22147A97007227F9 /* ltable.h */,
				9C64C43322147A96007227F9 /* ltablib.c */,
				9C64C44F22147A98007227F9 /* ltm.c */,
				9C64C43822147A96007227F9 /* ltm.h */,
				9C64C43122147A96007227F9 /* lua.c */,
				9C64C42522147A95007227F9 /* lua.h */,
				9C64C44422147A97007227F9 /* lua.hpp */,
				9C64C45222147A99007227F9 /* luaconf.h */,
				9C64C45422147A99007227F9 /* lualib.h */,
				9C64C44622147A97007227F9 /* lundump.c */,
				9C64C44322147A97007227F9 /* lundump.h */,
				9C64C44222147A97007227F9 /* lutf8lib.c */,
				9C64C43B22147A97007227F9 /* lvm.c */,
				9C64C43522147A96007227F9 /* lvm.h */,
				9C64C44822147A98007227F9 /* lzio.c */,
				9C64C42622147A95007227F9 /* lzio.h */,
				9C64C42E22147A95007227F9 /* Makefile */,
			);
			path = lua_compile_iOS;
			sourceTree = "<group>";
		};
/* End PBXGroup section */

/* Begin PBXNativeTarget section */
		9C64C40E22147A65007227F9 /* lua_compile_iOS */ = {
			isa = PBXNativeTarget;
			buildConfigurationList = 9C64C41622147A65007227F9 /* Build configuration list for PBXNativeTarget "lua_compile_iOS" */;
			buildPhases = (
				9C64C40B22147A65007227F9 /* Sources */,
				9C64C40C22147A65007227F9 /* Frameworks */,
				9C64C40D22147A65007227F9 /* CopyFiles */,
			);
			buildRules = (
			);
			dependencies = (
			);
			name = lua_compile_iOS;
			productName = lua_compile_iOS;
			productReference = 9C64C40F22147A65007227F9 /* lua_compile_iOS */;
			productType = "com.apple.product-type.tool";
		};
/* End PBXNativeTarget section */

/* Begin PBXProject section */
		9C64C40722147A65007227F9 /* Project object */ = {
			isa = PBXProject;
			attributes = {
				LastUpgradeCheck = 1010;
				ORGANIZATIONNAME = dekai.ding;
				TargetAttributes = {
					9C64C40E22147A65007227F9 = {
						CreatedOnToolsVersion = 10.1;
					};
				};
			};
			buildConfigurationList = 9C64C40A22147A65007227F9 /* Build configuration list for PBXProject "lua_compile_iOS" */;
			compatibilityVersion = "Xcode 9.3";
			developmentRegion = en;
			hasScannedForEncodings = 0;
			knownRegions = (
				en,
			);
			mainGroup = 9C64C40622147A65007227F9;
			productRefGroup = 9C64C41022147A65007227F9 /* Products */;
			projectDirPath = "";
			projectRoot = "";
			targets = (
				9C64C40E22147A65007227F9 /* lua_compile_iOS */,
			);
		};
/* End PBXProject section */

/* Begin PBXSourcesBuildPhase section */
		9C64C40B22147A65007227F9 /* Sources */ = {
			isa = PBXSourcesBuildPhase;
			buildActionMask = 2147483647;
			files = (
				9C64C47622147A99007227F9 /* ltm.c in Sources */,
				9C64C46822147A99007227F9 /* ldump.c in Sources */,
				9C64C46422147A99007227F9 /* Makefile in Sources */,
				9C64C45F22147A99007227F9 /* lfunc.c in Sources */,
				9C64C46F22147A99007227F9 /* lutf8lib.c in Sources */,
				9C64C46B22147A99007227F9 /* lstring.c in Sources */,
				9C64C46122147A99007227F9 /* lobject.c in Sources */,
				9C64C45B22147A99007227F9 /* linit.c in Sources */,
				9C64C47122147A99007227F9 /* lundump.c in Sources */,
				9C64C47522147A99007227F9 /* lmathlib.c in Sources */,
				9C64C46922147A99007227F9 /* lapi.c in Sources */,
				9C64C46A22147A99007227F9 /* llex.c in Sources */,
				9C64C46722147A99007227F9 /* ltablib.c in Sources */,
				9C64C46C22147A99007227F9 /* lvm.c in Sources */,
				9C64C47822147A99007227F9 /* lstate.c in Sources */,
				9C64C46222147A99007227F9 /* lgc.c in Sources */,
				9C64C46522147A99007227F9 /* lstrlib.c in Sources */,
				9C64C46622147A99007227F9 /* lua.c in Sources */,
				9C64C46022147A99007227F9 /* lmem.c in Sources */,
				9C64C47022147A99007227F9 /* ldebug.c in Sources */,
				9C64C47222147A99007227F9 /* lzio.c in Sources */,
				9C64C47722147A99007227F9 /* liolib.c in Sources */,
				9C64C47A22147A99007227F9 /* ldo.c in Sources */,
				9C64C45722147A99007227F9 /* loadlib.c in Sources */,
				9C64C47322147A99007227F9 /* ltable.c in Sources */,
				9C64C45D22147A99007227F9 /* lauxlib.c in Sources */,
				9C64C45A22147A99007227F9 /* lopcodes.c in Sources */,
				9C64C46D22147A99007227F9 /* ldblib.c in Sources */,
				9C64C46322147A99007227F9 /* lparser.c in Sources */,
				9C64C45C22147A99007227F9 /* lbaselib.c in Sources */,
				9C64C45922147A99007227F9 /* loslib.c in Sources */,
				9C64C45E22147A99007227F9 /* lctype.c in Sources */,
				9C64C47922147A99007227F9 /* lcorolib.c in Sources */,
				9C64C45822147A99007227F9 /* lbitlib.c in Sources */,
				9C64C47422147A99007227F9 /* lcode.c in Sources */,
			);
			runOnlyForDeploymentPostprocessing = 0;
		};
/* End PBXSourcesBuildPhase section */

/* Begin XCBuildConfiguration section */
		9C64C41422147A65007227F9 /* Debug */ = {
			isa = XCBuildConfiguration;
			buildSettings = {
				ALWAYS_SEARCH_USER_PATHS = NO;
				CLANG_ANALYZER_NONNULL = YES;
				CLANG_ANALYZER_NUMBER_OBJECT_CONVERSION = YES_AGGRESSIVE;
				CLANG_CXX_LANGUAGE_STANDARD = "gnu++14";
				CLANG_CXX_LIBRARY = "libc++";
				CLANG_ENABLE_MODULES = YES;
				CLANG_ENABLE_OBJC_ARC = YES;
				CLANG_ENABLE_OBJC_WEAK = YES;
				CLANG_WARN_BLOCK_CAPTURE_AUTORELEASING = YES;
				CLANG_WARN_BOOL_CONVERSION = YES;
				CLANG_WARN_COMMA = YES;
				CLANG_WARN_CONSTANT_CONVERSION = YES;
				CLANG_WARN_DEPRECATED_OBJC_IMPLEMENTATIONS = YES;
				CLANG_WARN_DIRECT_OBJC_ISA_USAGE = YES_ERROR;
				CLANG_WARN_DOCUMENTATION_COMMENTS = YES;
				CLANG_WARN_EMPTY_BODY = YES;
				CLANG_WARN_ENUM_CONVERSION = YES;
				CLANG_WARN_INFINITE_RECURSION = YES;
				CLANG_WARN_INT_CONVERSION = YES;
				CLANG_WARN_NON_LITERAL_NULL_CONVERSION = YES;
				CLANG_WARN_OBJC_IMPLICIT_RETAIN_SELF = YES;
				CLANG_WARN_OBJC_LITERAL_CONVERSION = YES;
				CLANG_WARN_OBJC_ROOT_CLASS = YES_ERROR;
				CLANG_WARN_RANGE_LOOP_ANALYSIS = YES;
				CLANG_WARN_STRICT_PROTOTYPES = YES;
				CLANG_WARN_SUSPICIOUS_MOVE = YES;
				CLANG_WARN_UNGUARDED_AVAILABILITY = YES_AGGRESSIVE;
				CLANG_WARN_UNREACHABLE_CODE = YES;
				CLANG_WARN__DUPLICATE_METHOD_MATCH = YES;
				CODE_SIGN_IDENTITY = "-";
				COPY_PHASE_STRIP = NO;
				DEBUG_INFORMATION_FORMAT = dwarf;
				ENABLE_STRICT_OBJC_MSGSEND = YES;
				ENABLE_TESTABILITY = YES;
				GCC_C_LANGUAGE_STANDARD = gnu11;
				GCC_DYNAMIC_NO_PIC = NO;
				GCC_NO_COMMON_BLOCKS = YES;
				GCC_OPTIMIZATION_LEVEL = 0;
				GCC_PREPROCESSOR_DEFINITIONS = (
					"DEBUG=1",
					"$(inherited)",
				);
				GCC_WARN_64_TO_32_BIT_CONVERSION = YES;
				GCC_WARN_ABOUT_RETURN_TYPE = YES_ERROR;
				GCC_WARN_UNDECLARED_SELECTOR = YES;
				GCC_WARN_UNINITIALIZED_AUTOS = YES_AGGRESSIVE;
				GCC_WARN_UNUSED_FUNCTION = YES;
				GCC_WARN_UNUSED_VARIABLE = YES;
				MACOSX_DEPLOYMENT_TARGET = 10.14;
				MTL_ENABLE_DEBUG_INFO = INCLUDE_SOURCE;
				MTL_FAST_MATH = YES;
				ONLY_ACTIVE_ARCH = YES;
				SDKROOT = macosx;
			};
			name = Debug;
		};
		9C64C41522147A65007227F9 /* Release */ = {
			isa = XCBuildConfiguration;
			buildSettings = {
				ALWAYS_SEARCH_USER_PATHS = NO;
				CLANG_ANALYZER_NONNULL = YES;
				CLANG_ANALYZER_NUMBER_OBJECT_CONVERSION = YES_AGGRESSIVE;
				CLANG_CXX_LANGUAGE_STANDARD = "gnu++14";
				CLANG_CXX_LIBRARY = "libc++";
				CLANG_ENABLE_MODULES = YES;
				CLANG_ENABLE_OBJC_ARC = YES;
				CLANG_ENABLE_OBJC_WEAK = YES;
				CLANG_WARN_BLOCK_CAPTURE_AUTORELEASING = YES;
				CLANG_WARN_BOOL_CONVERSION = YES;
				CLANG_WARN_COMMA = YES;
				CLANG_WARN_CONSTANT_CONVERSION = YES;
				CLANG_WARN_DEPRECATED_OBJC_IMPLEMENTATIONS = YES;
				CLANG_WARN_DIRECT_OBJC_ISA_USAGE = YES_ERROR;
				CLANG_WARN_DOCUMENTATION_COMMENTS = YES;
				CLANG_WARN_EMPTY_BODY = YES;
				CLANG_WARN_ENUM_CONVERSION = YES;
				CLANG_WARN_INFINITE_RECURSION = YES;
				CLANG_WARN_INT_CONVERSION = YES;
				CLANG_WARN_NON_LITERAL_NULL_CONVERSION = YES;
				CLANG_WARN_OBJC_IMPLICIT_RETAIN_SELF = YES;
				CLANG_WARN_OBJC_LITERAL_CONVERSION = YES;
				CLANG_WARN_OBJC_ROOT_CLASS = YES_ERROR;
				CLANG_WARN_RANGE_LOOP_ANALYSIS = YES;
				CLANG_WARN_STRICT_PROTOTYPES = YES;
				CLANG_WARN_SUSPICIOUS_MOVE = YES;
				CLANG_WARN_UNGUARDED_AVAILABILITY = YES_AGGRESSIVE;
				CLANG_WARN_UNREACHABLE_CODE = YES;
				CLANG_WARN__DUPLICATE_METHOD_MATCH = YES;
				CODE_SIGN_IDENTITY = "-";
				COPY_PHASE_STRIP = NO;
				DEBUG_INFORMATION_FORMAT = "dwarf-with-dsym";
				ENABLE_NS_ASSERTIONS = NO;
				ENABLE_STRICT_OBJC_MSGSEND = YES;
				GCC_C_LANGUAGE_STANDARD = gnu11;
				GCC_NO_COMMON_BLOCKS = YES;
				GCC_WARN_64_TO_32_BIT_CONVERSION = YES;
				GCC_WARN_ABOUT_RETURN_TYPE = YES_ERROR;
				GCC_WARN_UNDECLARED_SELECTOR = YES;
				GCC_WARN_UNINITIALIZED_AUTOS = YES_AGGRESSIVE;
				GCC_WARN_UNUSED_FUNCTION = YES;
				GCC_WARN_UNUSED_VARIABLE = YES;
				MACOSX_DEPLOYMENT_TARGET = 10.14;
				MTL_ENABLE_DEBUG_INFO = NO;
				MTL_FAST_MATH = YES;
				SDKROOT = macosx;
			};
			name = Release;
		};
		9C64C41722147A65007227F9 /* Debug */ = {
			isa = XCBuildConfiguration;
			buildSettings = {
				CODE_SIGN_STYLE = Automatic;
				PRODUCT_NAME = "$(TARGET_NAME)";
			};
			name = Debug;
		};
		9C64C41822147A65007227F9 /* Release */ = {
			isa = XCBuildConfiguration;
			buildSettings = {
				CODE_SIGN_STYLE = Automatic;
				PRODUCT_NAME = "$(TARGET_NAME)";
			};
			name = Release;
		};
/* End XCBuildConfiguration section */

/* Begin XCConfigurationList section */
		9C64C40A22147A65007227F9 /* Build configuration list for PBXProject "lua_compile_iOS" */ = {
			isa = XCConfigurationList;
			buildConfigurations = (
				9C64C41422147A65007227F9 /* Debug */,
				9C64C41522147A65007227F9 /* Release */,
			);
			defaultConfigurationIsVisible = 0;
			defaultConfigurationName = Release;
		};
		9C64C41622147A65007227F9 /* Build configuration list for PBXNativeTarget "lua_compile_iOS" */ = {
			isa = XCConfigurationList;
			buildConfigurations = (
				9C64C41722147A65007227F9 /* Debug */,
				9C64C41822147A65007227F9 /* Release */,
			);
			defaultConfigurationIsVisible = 0;
			defaultConfigurationName = Release;
		};
/* End XCConfigurationList section */
	};
	rootObject = 9C64C40722147A65007227F9 /* Project object */;
}
